{
  "lockfileVersion": 1,
  "configVersion": 1,
  "workspaces": {
    "": {
      "name": "@shipload/player",
      "dependencies": {
        "@shipload/sdk": "next",
        "@wharfkit/antelope": "^1.2.0",
        "@wharfkit/common": "^1.5.0",
        "@wharfkit/contract": "^1.2.1",
        "@wharfkit/session": "^1.6.1",
        "@wharfkit/wallet-plugin-privatekey": "^1.1.0",
        "commander": "^14.0.2",
        "ini": "^6.0.0",
      },
      "devDependencies": {
        "@biomejs/biome": "^2.3.7",
        "@types/bun": "latest",
        "@types/ini": "^4.1.1",
        "@wharfkit/cli": "^1.0.0",
        "typescript": "^5.0.0",
      },
    },
  },
  "overrides": {
    "@wharfkit/antelope": "^1.2.0",
    "@wharfkit/common": "^1.5.0",
    "@wharfkit/contract": "^1.2.1",
    "@wharfkit/session": "^1.6.1",
  },
  "packages": {
    "@biomejs/biome": ["@biomejs/biome@2.4.12", "", { "optionalDependencies": { "@biomejs/cli-darwin-arm64": "2.4.12", "@biomejs/cli-darwin-x64": "2.4.12", "@biomejs/cli-linux-arm64": "2.4.12", "@biomejs/cli-linux-arm64-musl": "2.4.12", "@biomejs/cli-linux-x64": "2.4.12", "@biomejs/cli-linux-x64-musl": "2.4.12", "@biomejs/cli-win32-arm64": "2.4.12", "@biomejs/cli-win32-x64": "2.4.12" }, "bin": { "biome": "bin/biome" } }, "sha512-Rro7adQl3NLq/zJCIL98eElXKI8eEiBtoeu5TbXF/U3qbjuSc7Jb5rjUbeHHcquDWeSf3HnGP7XI5qGrlRk/pA=="],

    "@biomejs/cli-darwin-arm64": ["@biomejs/cli-darwin-arm64@2.4.12", "", { "os": "darwin", "cpu": "arm64" }, "sha512-BnMU4Pc3ciEVteVpZ0BK33MLr7X57F5w1dwDLDn+/iy/yTrA4Q/N2yftidFtsA4vrDh0FMXDpacNV/Tl3fbmng=="],

    "@biomejs/cli-darwin-x64": ["@biomejs/cli-darwin-x64@2.4.12", "", { "os": "darwin", "cpu": "x64" }, "sha512-x9uJ0bI1rJsWICp3VH8w/5PnAVD3A7SqzDpbrfoUQX1QyWrK5jSU4fRLo/wSgGeplCivbxBRKmt5Xq4/nWvq8A=="],

    "@biomejs/cli-linux-arm64": ["@biomejs/cli-linux-arm64@2.4.12", "", { "os": "linux", "cpu": "arm64" }, "sha512-tOwuCuZZtKi1jVzbk/5nXmIsziOB6yqN8c9r9QM0EJYPU6DpQWf11uBOSCfFKKM4H3d9ZoarvlgMfbcuD051Pw=="],

    "@biomejs/cli-linux-arm64-musl": ["@biomejs/cli-linux-arm64-musl@2.4.12", "", { "os": "linux", "cpu": "arm64" }, "sha512-FhfpkAAlKL6kwvcVap0Hgp4AhZmtd3YImg0kK1jd7C/aSoh4SfsB2f++yG1rU0lr8Y5MCFJrcSkmssiL9Xnnig=="],

    "@biomejs/cli-linux-x64": ["@biomejs/cli-linux-x64@2.4.12", "", { "os": "linux", "cpu": "x64" }, "sha512-8pFeAnLU9QdW9jCIslB/v82bI0lhBmz2ZAKc8pVMFPO0t0wAHsoEkrUQUbMkIorTRIjbqyNZHA3lEXavsPWYSw=="],

    "@biomejs/cli-linux-x64-musl": ["@biomejs/cli-linux-x64-musl@2.4.12", "", { "os": "linux", "cpu": "x64" }, "sha512-dwTIgZrGutzhkQCuvHynCkyW6hJxUuyZqKKO0YNfaS2GUoRO+tOvxXZqZB6SkWAOdfZTzwaw8IEdUnIkHKHoew=="],

    "@biomejs/cli-win32-arm64": ["@biomejs/cli-win32-arm64@2.4.12", "", { "os": "win32", "cpu": "arm64" }, "sha512-B0DLnx0vA9ya/3v7XyCaP+/lCpnbWbMOfUFFve+xb5OxyYvdHaS55YsSddr228Y+JAFk58agCuZTsqNiw2a6ig=="],

    "@biomejs/cli-win32-x64": ["@biomejs/cli-win32-x64@2.4.12", "", { "os": "win32", "cpu": "x64" }, "sha512-yMckRzTyZ83hkk8iDFWswqSdU8tvZxspJKnYNh7JZr/zhZNOlzH13k4ecboU6MurKExCe2HUkH75pGI/O2JwGA=="],

    "@shipload/sdk": ["@shipload/sdk@2.0.0-rc19", "", { "dependencies": { "@wharfkit/antelope": "1.2.0", "@wharfkit/contract": "^1.2.1", "@wharfkit/session": "^1.3.1", "tslib": "^2.1.0" } }, "sha512-hm4nKADtN/j4Y0R2VK1rO6WgYyt+6rmnKPo7GaCdH4mclHP3I7Xo6i5DlR/hynkhMv8mhhMrt2YafGMV5twDJg=="],

    "@types/bun": ["@types/bun@1.3.12", "", { "dependencies": { "bun-types": "1.3.12" } }, "sha512-DBv81elK+/VSwXHDlnH3Qduw+KxkTIWi7TXkAeh24zpi5l0B2kUg9Ga3tb4nJaPcOFswflgi/yAvMVBPrxMB+A=="],

    "@types/ini": ["@types/ini@4.1.1", "", {}, "sha512-MIyNUZipBTbyUNnhvuXJTY7B6qNI78meck9Jbv3wk0OgNwRyOOVEKDutAkOs1snB/tx0FafyR6/SN4Ps0hZPeg=="],

    "@types/node": ["@types/node@18.19.130", "", { "dependencies": { "undici-types": "~5.26.4" } }, "sha512-GRaXQx6jGfL8sKfaIDD6OupbIHBr9jv7Jnaml9tB7l4v068PAOXqfcujMMo5PhbIs6ggR1XODELqahT2R8v0fg=="],

    "@wharfkit/abicache": ["@wharfkit/abicache@1.2.2", "", { "dependencies": { "@wharfkit/antelope": "^1.0.2", "@wharfkit/signing-request": "^3.1.0", "pako": "^2.0.4", "tslib": "^2.1.0" } }, "sha512-yOsYz2qQpQy7Nb8XZj62pZqp8YnmWDqFlrenYksBb9jl+1aWIpFhWd+14VEez4tUAezRH4UWW+w1SX5vhmUY9A=="],

    "@wharfkit/antelope": ["@wharfkit/antelope@1.2.0", "", { "dependencies": { "bn.js": "^4.11.9", "brorand": "^1.1.0", "elliptic": "^6.5.4", "hash.js": "^1.0.0", "pako": "^2.1.0", "tslib": "^2.0.3" } }, "sha512-9q0nvM8yUtjKTQlukKZODAhUN2S2/cfSlIYdh2mPnaOCSH8KOLJ2gYCPuQVvH1FE9AKu312lM5TzhkRccf1VjQ=="],

    "@wharfkit/cli": ["@wharfkit/cli@1.9.1", "", { "dependencies": { "@wharfkit/antelope": "^0.9.1", "@wharfkit/common": "^1.1.0", "@wharfkit/contract": "^0.4.3", "commander": "^11.0.0", "node-fetch": "^2.6.1", "prettier": "^2.2.1", "typescript": "^4.9.5" }, "bin": { "wharfkit": "lib/cli.js" } }, "sha512-mToi6Pq2n+cXAzf35YFjbukzMRDsYFKObMhEtbEudLhAx5rJMxqJ9MMElptnA/5nLMY93aDBB8aaWDE79Ydfog=="],

    "@wharfkit/common": ["@wharfkit/common@1.5.0", "", { "dependencies": { "tslib": "^2.1.0" }, "peerDependencies": { "@wharfkit/antelope": "^1.0.0" } }, "sha512-eqXkOy+vshcEzK8kED+EsoTPJjlBKHYglgV9CBnZQgIlGrWIRXWH4YaXH3W7EbI/nCRJCaNqxm5fC+pgpFcp8g=="],

    "@wharfkit/contract": ["@wharfkit/contract@1.2.1", "", { "dependencies": { "@wharfkit/abicache": "^1.2.0", "@wharfkit/antelope": "^1.0.4", "@wharfkit/signing-request": "^3.1.0", "tslib": "^2.1.0" } }, "sha512-3UhCtDYCyapfM2nRTrslcbvko864d4MOpxRAz7TR/ZUbRAgZsxhYLFLEv1v23/SU+vsFzAHNBmvzkLEG0OLaHQ=="],

    "@wharfkit/session": ["@wharfkit/session@1.6.1", "", { "dependencies": { "@wharfkit/abicache": "^1.2.1", "@wharfkit/antelope": "^1.0.11", "@wharfkit/common": "^1.2.0", "@wharfkit/signing-request": "^3.1.0", "pako": "^2.0.4", "tslib": "^2.1.0" } }, "sha512-k6ntDGOe8bvD/Ps0erTPTFMdYVFrw5cRvPcEwxytlmRRcNV/M8xWcpCYWdmGDxa8QYqynf/hAkbVh1PSwRGl5A=="],

    "@wharfkit/signing-request": ["@wharfkit/signing-request@3.4.0", "", { "dependencies": { "@wharfkit/antelope": "^1.1.1", "tslib": "^2.0.3" } }, "sha512-WstXfmR9i5pKaYXDUwNFNCgBIvN6u5IRGWSfj5O3XzthbtJUmRoJNtjGMaNnUqZ1MMx5YY4/JpY3b2e6LbpXLw=="],

    "@wharfkit/wallet-plugin-privatekey": ["@wharfkit/wallet-plugin-privatekey@1.1.0", "", { "dependencies": { "tslib": "^2.1.0" }, "peerDependencies": { "@wharfkit/session": "^1.1.0" } }, "sha512-45LPj7AOVDm4RugDEhy0fnQX/BcMffeJPjGUCUrLazJ2S0Sti8nNk4nqiJqyme84c/0gq7d65vvwlmVfGtPVEg=="],

    "bn.js": ["bn.js@4.12.3", "", {}, "sha512-fGTi3gxV/23FTYdAoUtLYp6qySe2KE3teyZitipKNRuVYcBkoP/bB3guXN/XVKUe9mxCHXnc9C4ocyz8OmgN0g=="],

    "brorand": ["brorand@1.1.0", "", {}, "sha512-cKV8tMCEpQs4hK/ik71d6LrPOnpkpGBR0wzxqr68g2m/LB2GxVYQroAjMJZRVM1Y4BCjCKc3vAamxSzOY2RP+w=="],

    "bun-types": ["bun-types@1.3.12", "", { "dependencies": { "@types/node": "*" } }, "sha512-HqOLj5PoFajAQciOMRiIZGNoKxDJSr6qigAttOX40vJuSp6DN/CxWp9s3C1Xwm4oH7ybueITwiaOcWXoYVoRkA=="],

    "commander": ["commander@14.0.3", "", {}, "sha512-H+y0Jo/T1RZ9qPP4Eh1pkcQcLRglraJaSLoyOtHxu6AapkjWVCy2Sit1QQ4x3Dng8qDlSsZEet7g5Pq06MvTgw=="],

    "elliptic": ["elliptic@6.6.1", "", { "dependencies": { "bn.js": "^4.11.9", "brorand": "^1.1.0", "hash.js": "^1.0.0", "hmac-drbg": "^1.0.1", "inherits": "^2.0.4", "minimalistic-assert": "^1.0.1", "minimalistic-crypto-utils": "^1.0.1" } }, "sha512-RaddvvMatK2LJHqFJ+YA4WysVN5Ita9E35botqIYspQ4TkRAlCicdzKOjlyv/1Za5RyTNn7di//eEV0uTAfe3g=="],

    "hash.js": ["hash.js@1.1.7", "", { "dependencies": { "inherits": "^2.0.3", "minimalistic-assert": "^1.0.1" } }, "sha512-taOaskGt4z4SOANNseOviYDvjEJinIkRgmp7LbKP2YTTmVxWBl87s/uzK9r+44BclBSp2X7K1hqeNfz9JbBeXA=="],

    "hmac-drbg": ["hmac-drbg@1.0.1", "", { "dependencies": { "hash.js": "^1.0.3", "minimalistic-assert": "^1.0.0", "minimalistic-crypto-utils": "^1.0.1" } }, "sha512-Tti3gMqLdZfhOQY1Mzf/AanLiqh1WTiJgEj26ZuYQ9fbkLomzGchCws4FyrSd4VkpBfiNhaE1On+lOz894jvXg=="],

    "inherits": ["inherits@2.0.4", "", {}, "sha512-k/vGaX4/Yla3WzyMCvTQOXYeIHvqOKtnqBduzTHpzpQZzAskKMhZ2K+EnBiSM9zGSoIFeMpXKxa4dYeZIQqewQ=="],

    "ini": ["ini@6.0.0", "", {}, "sha512-IBTdIkzZNOpqm7q3dRqJvMaldXjDHWkEDfrwGEQTs5eaQMWV+djAhR+wahyNNMAa+qpbDUhBMVt4ZKNwpPm7xQ=="],

    "minimalistic-assert": ["minimalistic-assert@1.0.1", "", {}, "sha512-UtJcAD4yEaGtjPezWuO9wC4nwUnVH/8/Im3yEHQP4b67cXlD/Qr9hdITCU1xDbSEXg2XKNaP8jsReV7vQd00/A=="],

    "minimalistic-crypto-utils": ["minimalistic-crypto-utils@1.0.1", "", {}, "sha512-JIYlbt6g8i5jKfJ3xz7rF0LXmv2TkDxBLUkiBeZ7bAx4GnnNMr8xFpGnOxn6GhTEHx3SjRrZEoU+j04prX1ktg=="],

    "node-fetch": ["node-fetch@2.7.0", "", { "dependencies": { "whatwg-url": "^5.0.0" }, "peerDependencies": { "encoding": "^0.1.0" }, "optionalPeers": ["encoding"] }, "sha512-c4FRfUm/dbcWZ7U+1Wq0AwCyFL+3nt2bEw05wfxSz+DWpWsitgmSgYmy2dQdWyKC1694ELPqMs/YzUSNozLt8A=="],

    "pako": ["pako@2.1.0", "", {}, "sha512-w+eufiZ1WuJYgPXbV/PO3NCMEc3xqylkKHzp8bxp1uW4qaSNQUkwmLLEc3kKsfz8lpV1F8Ht3U1Cm+9Srog2ug=="],

    "prettier": ["prettier@2.8.8", "", { "bin": { "prettier": "bin-prettier.js" } }, "sha512-tdN8qQGvNjw4CHbY+XXk0JgCXn9QiF21a55rBe5LJAU+kDyC4WQn4+awm2Xfk2lQMk5fKup9XgzTZtGkjBdP9Q=="],

    "tr46": ["tr46@0.0.3", "", {}, "sha512-N3WMsuqV66lT30CrXNbEjx4GEwlow3v6rr4mCcv6prnfwhS01rkgyFdjPNBYd9br7LpXV1+Emh01fHnq2Gdgrw=="],

    "tslib": ["tslib@2.8.1", "", {}, "sha512-oJFu94HQb+KVduSUQL7wnpmqnfmLsOA/nAh6b6EH0wCEoK0/mPeXU6c3wKDV83MkOuHPRHtSXKKU99IBazS/2w=="],

    "typescript": ["typescript@5.9.3", "", { "bin": { "tsc": "bin/tsc", "tsserver": "bin/tsserver" } }, "sha512-jl1vZzPDinLr9eUt3J/t7V6FgNEw9QjvBPdysz9KfQDD41fQrC2Y4vKQdiaUpFT4bXlb1RHhLpp8wtm6M5TgSw=="],

    "undici-types": ["undici-types@5.26.5", "", {}, "sha512-JlCMO+ehdEIKqlFxk6IfVoAUVmgz7cU7zD/h9XZ0qzeosSHmUJVOzSQvvYSYWXkFXC+IfLKSIffhv0sVZup6pA=="],

    "webidl-conversions": ["webidl-conversions@3.0.1", "", {}, "sha512-2JAn3z8AR6rjK8Sm8orRC0h/bcl/DqL7tRPdGZ4I1CjdF+EaMLmYxBHyXuKL849eucPFhvBoxMsflfOb8kxaeQ=="],

    "whatwg-url": ["whatwg-url@5.0.0", "", { "dependencies": { "tr46": "~0.0.3", "webidl-conversions": "^3.0.0" } }, "sha512-saE57nupxk6v3HY35+jzBwYa0rKSy0XR8JSxZPwgLr7ys0IBzhGviA1/TUGJLmSVqs8pb9AnvICXEuOHLprYTw=="],

    "@wharfkit/cli/commander": ["commander@11.1.0", "", {}, "sha512-yPVavfyCcRhmorC7rWlkHn15b4wDVgVmBA7kV4QVBsF7kv/9TKJAbAXVTxvTnwP8HHKjRCJDClKbciiYS7p0DQ=="],

    "@wharfkit/cli/typescript": ["typescript@4.9.5", "", { "bin": { "tsc": "bin/tsc", "tsserver": "bin/tsserver" } }, "sha512-1FXk9E2Hm+QzZQ7z+McJiHL4NW1F2EzMu9Nq9i3zAaGqibafqYwCVU6WyWAuyQRRzOlxou8xZSyXLEN8oKj24g=="],
  }
}
